// !$*UTF8*$!
{
	archiveVersion = 1;
	classes = {
	};
	objectVersion = 77;
	objects = {

/* Begin PBXBuildFile section */
		0143E704D1EE9C7FA34F0C82 /* UpdaterViewModel.swift in Sources */ = {isa = PBXBuildFile; fileRef = 22CDD86550396965900925A9 /* UpdaterViewModel.swift */; };
		21F5AD0F969FB691F85EE4A3 /* UpdateCommandBuilder.swift in Sources */ = {isa = PBXBuildFile; fileRef = 40CC34052AF8F70BE38477C3 /* UpdateCommandBuilder.swift */; };
		27051C86B353C1A93618BBAA /* Assets.xcassets in Resources */ = {isa = PBXBuildFile; fileRef = 21DCE3F4868A2687F7C685BA /* Assets.xcassets */; };
		29047BDC07EBD26A81F4E58B /* ShellCommandRunner.swift in Sources */ = {isa = PBXBuildFile; fileRef = 5DC95BEA1C9BE2E8499F31FD /* ShellCommandRunner.swift */; };
		8306B14194A8C8090DD6CBF5 /* UpdateDashboardModelTests.swift in Sources */ = {isa = PBXBuildFile; fileRef = E56B6385395807F7811702E3 /* UpdateDashboardModelTests.swift */; };
		85AF6454CB1F65218EA34A02 /* UpdatePilotApp.swift in Sources */ = {isa = PBXBuildFile; fileRef = 0486FA8577A414933ACD4519 /* UpdatePilotApp.swift */; };
		9208477E49C6C7138E058B48 /* UpdateDashboardModels.swift in Sources */ = {isa = PBXBuildFile; fileRef = E966061C1DCC850D43A663AB /* UpdateDashboardModels.swift */; };
		BA87A02DC72E341D9C60CD96 /* ContentView.swift in Sources */ = {isa = PBXBuildFile; fileRef = 9C1823064699C91EF5DA8BF4 /* ContentView.swift */; };
		D796B227BB96F2C3ADEDBDE6 /* UpdateCommandBuilderTests.swift in Sources */ = {isa = PBXBuildFile; fileRef = 94E745D3774B297814E78FAA /* UpdateCommandBuilderTests.swift */; };
		DD60A1F8888212E2E0181100 /* ShellCommandRunner.swift in Sources */ = {isa = PBXBuildFile; fileRef = 5DC95BEA1C9BE2E8499F31FD /* ShellCommandRunner.swift */; };
		F24D334AEA382E5D4A4C3415 /* UpdateCommandBuilder.swift in Sources */ = {isa = PBXBuildFile; fileRef = 40CC34052AF8F70BE38477C3 /* UpdateCommandBuilder.swift */; };
		F27632C86F2DD66766580B10 /* UpdateDashboardModels.swift in Sources */ = {isa = PBXBuildFile; fileRef = E966061C1DCC850D43A663AB /* UpdateDashboardModels.swift */; };
/* End PBXBuildFile section */

/* Begin PBXFileReference section */
		0486FA8577A414933ACD4519 /* UpdatePilotApp.swift */ = {isa = PBXFileReference; lastKnownFileType = sourcecode.swift; path = UpdatePilotApp.swift; sourceTree = "<group>"; };
		21DCE3F4868A2687F7C685BA /* Assets.xcassets */ = {isa = PBXFileReference; lastKnownFileType = folder.assetcatalog; path = Assets.xcassets; sourceTree = "<group>"; };
		22CDD86550396965900925A9 /* UpdaterViewModel.swift */ = {isa = PBXFileReference; lastKnownFileType = sourcecode.swift; path = UpdaterViewModel.swift; sourceTree = "<group>"; };
		40CC34052AF8F70BE38477C3 /* UpdateCommandBuilder.swift */ = {isa = PBXFileReference; lastKnownFileType = sourcecode.swift; path = UpdateCommandBuilder.swift; sourceTree = "<group>"; };
		5DC95BEA1C9BE2E8499F31FD /* ShellCommandRunner.swift */ = {isa = PBXFileReference; lastKnownFileType = sourcecode.swift; path = ShellCommandRunner.swift; sourceTree = "<group>"; };
		86F1B8696BC6B4A119714CB8 /* UpdatePilot.app */ = {isa = PBXFileReference; explicitFileType = wrapper.application; includeInIndex = 0; path = UpdatePilot.app; sourceTree = BUILT_PRODUCTS_DIR; };
		94E745D3774B297814E78FAA /* UpdateCommandBuilderTests.swift */ = {isa = PBXFileReference; lastKnownFileType = sourcecode.swift; path = UpdateCommandBuilderTests.swift; sourceTree = "<group>"; };
		9C1823064699C91EF5DA8BF4 /* ContentView.swift */ = {isa = PBXFileReference; lastKnownFileType = sourcecode.swift; path = ContentView.swift; sourceTree = "<group>"; };
		D0234F7257FB8F00DF17BBBF /* UpdatePilotTests.xctest */ = {isa = PBXFileReference; explicitFileType = wrapper.cfbundle; includeInIndex = 0; path = UpdatePilotTests.xctest; sourceTree = BUILT_PRODUCTS_DIR; };
		E56B6385395807F7811702E3 /* UpdateDashboardModelTests.swift */ = {isa = PBXFileReference; lastKnownFileType = sourcecode.swift; path = UpdateDashboardModelTests.swift; sourceTree = "<group>"; };
		E966061C1DCC850D43A663AB /* UpdateDashboardModels.swift */ = {isa = PBXFileReference; lastKnownFileType = sourcecode.swift; path = UpdateDashboardModels.swift; sourceTree = "<group>"; };
/* End PBXFileReference section */

/* Begin PBXGroup section */
		5BD2DD2E19723CBFC2E25041 /* Tests */ = {
			isa = PBXGroup;
			children = (
				94E745D3774B297814E78FAA /* UpdateCommandBuilderTests.swift */,
				E56B6385395807F7811702E3 /* UpdateDashboardModelTests.swift */,
			);
			path = Tests;
			sourceTree = "<group>";
		};
		860B0626846E42E37F586D3D = {
			isa = PBXGroup;
			children = (
				89FC9D0D3A3FA8CB160FA2CF /* App */,
				C878301BB07DAB51C8E5CC7F /* Core */,
				5BD2DD2E19723CBFC2E25041 /* Tests */,
				C711EB65FB1081C408893D9F /* Products */,
			);
			sourceTree = "<group>";
		};
		89FC9D0D3A3FA8CB160FA2CF /* App */ = {
			isa = PBXGroup;
			children = (
				21DCE3F4868A2687F7C685BA /* Assets.xcassets */,
				9C1823064699C91EF5DA8BF4 /* ContentView.swift */,
				0486FA8577A414933ACD4519 /* UpdatePilotApp.swift */,
				22CDD86550396965900925A9 /* UpdaterViewModel.swift */,
			);
			path = App;
			sourceTree = "<group>";
		};
		C711EB65FB1081C408893D9F /* Products */ = {
			isa = PBXGroup;
			children = (
				86F1B8696BC6B4A119714CB8 /* UpdatePilot.app */,
				D0234F7257FB8F00DF17BBBF /* UpdatePilotTests.xctest */,
			);
			name = Products;
			sourceTree = "<group>";
		};
		C878301BB07DAB51C8E5CC7F /* Core */ = {
			isa = PBXGroup;
			children = (
				5DC95BEA1C9BE2E8499F31FD /* ShellCommandRunner.swift */,
				40CC34052AF8F70BE38477C3 /* UpdateCommandBuilder.swift */,
				E966061C1DCC850D43A663AB /* UpdateDashboardModels.swift */,
			);
			path = Core;
			sourceTree = "<group>";
		};
/* End PBXGroup section */

/* Begin PBXNativeTarget section */
		2351CDE3262FD91EE49F59A7 /* UpdatePilotTests */ = {
			isa = PBXNativeTarget;
			buildConfigurationList = 2A7BF8576B9EA89508816DED /* Build configuration list for PBXNativeTarget "UpdatePilotTests" */;
			buildPhases = (
				C17C14C74A71B54B899D642B /* Sources */,
			);
			buildRules = (
			);
			dependencies = (
			);
			name = UpdatePilotTests;
			packageProductDependencies = (
			);
			productName = UpdatePilotTests;
			productReference = D0234F7257FB8F00DF17BBBF /* UpdatePilotTests.xctest */;
			productType = "com.apple.product-type.bundle.unit-test";
		};
		F06CD10086874C5C310B0542 /* UpdatePilot */ = {
			isa = PBXNativeTarget;
			buildConfigurationList = 543F4F94EC1E3EAD969554ED /* Build configuration list for PBXNativeTarget "UpdatePilot" */;
			buildPhases = (
				D6F7CB500006E0236CBE6659 /* Sources */,
				F9645C32852BBFA592D4231B /* Resources */,
			);
			buildRules = (
			);
			dependencies = (
			);
			name = UpdatePilot;
			packageProductDependencies = (
			);
			productName = UpdatePilot;
			productReference = 86F1B8696BC6B4A119714CB8 /* UpdatePilot.app */;
			productType = "com.apple.product-type.application";
		};
/* End PBXNativeTarget section */

/* Begin PBXProject section */
		13C8E524FE30C6296C97408D /* Project object */ = {
			isa = PBXProject;
			attributes = {
				BuildIndependentTargetsInParallel = YES;
				LastUpgradeCheck = 1430;
				TargetAttributes = {
					F06CD10086874C5C310B0542 = {
						ProvisioningStyle = Automatic;
					};
				};
			};
			buildConfigurationList = 2C88D624371AF6B897C9B2DA /* Build configuration list for PBXProject "UpdatePilot" */;
			developmentRegion = en;
			hasScannedForEncodings = 0;
			knownRegions = (
				Base,
				en,
			);
			mainGroup = 860B0626846E42E37F586D3D;
			minimizedProjectReferenceProxies = 1;
			preferredProjectObjectVersion = 77;
			productRefGroup = C711EB65FB1081C408893D9F /* Products */;
			projectDirPath = "";
			projectRoot = "";
			targets = (
				F06CD10086874C5C310B0542 /* UpdatePilot */,
				2351CDE3262FD91EE49F59A7 /* UpdatePilotTests */,
			);
		};
/* End PBXProject section */

/* Begin PBXResourcesBuildPhase section */
		F9645C32852BBFA592D4231B /* Resources */ = {
			isa = PBXResourcesBuildPhase;
			buildActionMask = 2147483647;
			files = (
				27051C86B353C1A93618BBAA /* Assets.xcassets in Resources */,
			);
			runOnlyForDeploymentPostprocessing = 0;
		};
/* End PBXResourcesBuildPhase section */

/* Begin PBXSourcesBuildPhase section */
		C17C14C74A71B54B899D642B /* Sources */ = {
			isa = PBXSourcesBuildPhase;
			buildActionMask = 2147483647;
			files = (
				29047BDC07EBD26A81F4E58B /* ShellCommandRunner.swift in Sources */,
				21F5AD0F969FB691F85EE4A3 /* UpdateCommandBuilder.swift in Sources */,
				D796B227BB96F2C3ADEDBDE6 /* UpdateCommandBuilderTests.swift in Sources */,
				8306B14194A8C8090DD6CBF5 /* UpdateDashboardModelTests.swift in Sources */,
				F27632C86F2DD66766580B10 /* UpdateDashboardModels.swift in Sources */,
			);
			runOnlyForDeploymentPostprocessing = 0;
		};
		D6F7CB500006E0236CBE6659 /* Sources */ = {
			isa = PBXSourcesBuildPhase;
			buildActionMask = 2147483647;
			files = (
				BA87A02DC72E341D9C60CD96 /* ContentView.swift in Sources */,
				DD60A1F8888212E2E0181100 /* ShellCommandRunner.swift in Sources */,
				F24D334AEA382E5D4A4C3415 /* UpdateCommandBuilder.swift in Sources */,
				9208477E49C6C7138E058B48 /* UpdateDashboardModels.swift in Sources */,
				85AF6454CB1F65218EA34A02 /* UpdatePilotApp.swift in Sources */,
				0143E704D1EE9C7FA34F0C82 /* UpdaterViewModel.swift in Sources */,
			);
			runOnlyForDeploymentPostprocessing = 0;
		};
/* End PBXSourcesBuildPhase section */

/* Begin XCBuildConfiguration section */
		668A58D3C7F6DB21EC64F133 /* Debug */ = {
			isa = XCBuildConfiguration;
			buildSettings = {
				ASSETCATALOG_COMPILER_APPICON_NAME = AppIcon;
				CODE_SIGN_STYLE = Automatic;
				COMBINE_HIDPI_IMAGES = YES;
				ENABLE_HARDENED_RUNTIME = YES;
				GENERATE_INFOPLIST_FILE = YES;
				INFOPLIST_KEY_CFBundleDisplayName = UpdatePilot;
				INFOPLIST_KEY_NSHumanReadableCopyright = "Copyright © 2026 Cramleo";
				LD_RUNPATH_SEARCH_PATHS = (
					"$(inherited)",
					"@executable_path/../Frameworks",
				);
				PRODUCT_BUNDLE_IDENTIFIER = com.cramleo.UpdatePilot;
				PRODUCT_NAME = UpdatePilot;
				SDKROOT = macosx;
			};
			name = Debug;
		};
		8317AE6B6244B2D282B3C610 /* Debug */ = {
			isa = XCBuildConfiguration;
			buildSettings = {
				BUNDLE_LOADER = "";
				COMBINE_HIDPI_IMAGES = YES;
				GENERATE_INFOPLIST_FILE = YES;
				LD_RUNPATH_SEARCH_PATHS = (
					"$(inherited)",
					"@executable_path/../Frameworks",
					"@loader_path/../Frameworks",
				);
				PRODUCT_BUNDLE_IDENTIFIER = com.cramleo.UpdatePilotTests;
				SDKROOT = macosx;
				TEST_HOST = "";
			};
			name = Debug;
		};
		A5DF14E6AD12106CA7EEA471 /* Release */ = {
			isa = XCBuildConfiguration;
			buildSettings = {
				BUNDLE_LOADER = "";
				COMBINE_HIDPI_IMAGES = YES;
				GENERATE_INFOPLIST_FILE = YES;
				LD_RUNPATH_SEARCH_PATHS = (
					"$(inherited)",
					"@executable_path/../Frameworks",
					"@loader_path/../Frameworks",
				);
				PRODUCT_BUNDLE_IDENTIFIER = com.cramleo.UpdatePilotTests;
				SDKROOT = macosx;
				TEST_HOST = "";
			};
			name = Release;
		};
		B4AA1CA6103DEDFED5766060 /* Debug */ = {
			isa = XCBuildConfiguration;
			buildSettings = {
				ALWAYS_SEARCH_USER_PATHS = NO;
				CLANG_ANALYZER_NONNULL = YES;
				CLANG_ANALYZER_NUMBER_OBJECT_CONVERSION = YES_AGGRESSIVE;
				CLANG_CXX_LANGUAGE_STANDARD = "gnu++14";
				CLANG_CXX_LIBRARY = "libc++";
				CLANG_ENABLE_MODULES = YES;
				CLANG_ENABLE_OBJC_ARC = YES;
				CLANG_ENABLE_OBJC_WEAK = YES;
				CLANG_WARN_BLOCK_CAPTURE_AUTORELEASING = YES;
				CLANG_WARN_BOOL_CONVERSION = YES;
				CLANG_WARN_COMMA = YES;
				CLANG_WARN_CONSTANT_CONVERSION = YES;
				CLANG_WARN_DEPRECATED_OBJC_IMPLEMENTATIONS = YES;
				CLANG_WARN_DIRECT_OBJC_ISA_USAGE = YES_ERROR;
				CLANG_WARN_DOCUMENTATION_COMMENTS = YES;
				CLANG_WARN_EMPTY_BODY = YES;
				CLANG_WARN_ENUM_CONVERSION = YES;
				CLANG_WARN_INFINITE_RECURSION = YES;
				CLANG_WARN_INT_CONVERSION = YES;
				CLANG_WARN_NON_LITERAL_NULL_CONVERSION = YES;
				CLANG_WARN_OBJC_IMPLICIT_RETAIN_SELF = YES;
				CLANG_WARN_OBJC_LITERAL_CONVERSION = YES;
				CLANG_WARN_OBJC_ROOT_CLASS = YES_ERROR;
				CLANG_WARN_QUOTED_INCLUDE_IN_FRAMEWORK_HEADER = YES;
				CLANG_WARN_RANGE_LOOP_ANALYSIS = YES;
				CLANG_WARN_STRICT_PROTOTYPES = YES;
				CLANG_WARN_SUSPICIOUS_MOVE = YES;
				CLANG_WARN_UNGUARDED_AVAILABILITY = YES_AGGRESSIVE;
				CLANG_WARN_UNREACHABLE_CODE = YES;
				CLANG_WARN__DUPLICATE_METHOD_MATCH = YES;
				COPY_PHASE_STRIP = NO;
				CURRENT_PROJECT_VERSION = 11;
				DEBUG_INFORMATION_FORMAT = dwarf;
				ENABLE_STRICT_OBJC_MSGSEND = YES;
				ENABLE_TESTABILITY = YES;
				GCC_C_LANGUAGE_STANDARD = gnu11;
				GCC_DYNAMIC_NO_PIC = NO;
				GCC_NO_COMMON_BLOCKS = YES;
				GCC_OPTIMIZATION_LEVEL = 0;
				GCC_PREPROCESSOR_DEFINITIONS = (
					"$(inherited)",
					"DEBUG=1",
				);
				GCC_WARN_64_TO_32_BIT_CONVERSION = YES;
				GCC_WARN_ABOUT_RETURN_TYPE = YES_ERROR;
				GCC_WARN_UNDECLARED_SELECTOR = YES;
				GCC_WARN_UNINITIALIZED_AUTOS = YES_AGGRESSIVE;
				GCC_WARN_UNUSED_FUNCTION = YES;
				GCC_WARN_UNUSED_VARIABLE = YES;
				MACOSX_DEPLOYMENT_TARGET = 14.0;
				MARKETING_VERSION = 0.1.1;
				MTL_ENABLE_DEBUG_INFO = INCLUDE_SOURCE;
				MTL_FAST_MATH = YES;
				ONLY_ACTIVE_ARCH = YES;
				PRODUCT_NAME = "$(TARGET_NAME)";
				SDKROOT = macosx;
				SWIFT_ACTIVE_COMPILATION_CONDITIONS = DEBUG;
				SWIFT_OPTIMIZATION_LEVEL = "-Onone";
				SWIFT_VERSION = 5.9;
			};
			name = Debug;
		};
		CDE3EBAD9DC29A1B91FF8B2A /* Release */ = {
			isa = XCBuildConfiguration;
			buildSettings = {
				ASSETCATALOG_COMPILER_APPICON_NAME = AppIcon;
				CODE_SIGN_STYLE = Automatic;
				COMBINE_HIDPI_IMAGES = YES;
				ENABLE_HARDENED_RUNTIME = YES;
				GENERATE_INFOPLIST_FILE = YES;
				INFOPLIST_KEY_CFBundleDisplayName = UpdatePilot;
				INFOPLIST_KEY_NSHumanReadableCopyright = "Copyright © 2026 Cramleo";
				LD_RUNPATH_SEARCH_PATHS = (
					"$(inherited)",
					"@executable_path/../Frameworks",
				);
				PRODUCT_BUNDLE_IDENTIFIER = com.cramleo.UpdatePilot;
				PRODUCT_NAME = UpdatePilot;
				SDKROOT = macosx;
			};
			name = Release;
		};
		D886FBE9048BC780BF55A848 /* Release */ = {
			isa = XCBuildConfiguration;
			buildSettings = {
				ALWAYS_SEARCH_USER_PATHS = NO;
				CLANG_ANALYZER_NONNULL = YES;
				CLANG_ANALYZER_NUMBER_OBJECT_CONVERSION = YES_AGGRESSIVE;
				CLANG_CXX_LANGUAGE_STANDARD = "gnu++14";
				CLANG_CXX_LIBRARY = "libc++";
				CLANG_ENABLE_MODULES = YES;
				CLANG_ENABLE_OBJC_ARC = YES;
				CLANG_ENABLE_OBJC_WEAK = YES;
				CLANG_WARN_BLOCK_CAPTURE_AUTORELEASING = YES;
				CLANG_WARN_BOOL_CONVERSION = YES;
				CLANG_WARN_COMMA = YES;
				CLANG_WARN_CONSTANT_CONVERSION = YES;
				CLANG_WARN_DEPRECATED_OBJC_IMPLEMENTATIONS = YES;
				CLANG_WARN_DIRECT_OBJC_ISA_USAGE = YES_ERROR;
				CLANG_WARN_DOCUMENTATION_COMMENTS = YES;
				CLANG_WARN_EMPTY_BODY = YES;
				CLANG_WARN_ENUM_CONVERSION = YES;
				CLANG_WARN_INFINITE_RECURSION = YES;
				CLANG_WARN_INT_CONVERSION = YES;
				CLANG_WARN_NON_LITERAL_NULL_CONVERSION = YES;
				CLANG_WARN_OBJC_IMPLICIT_RETAIN_SELF = YES;
				CLANG_WARN_OBJC_LITERAL_CONVERSION = YES;
				CLANG_WARN_OBJC_ROOT_CLASS = YES_ERROR;
				CLANG_WARN_QUOTED_INCLUDE_IN_FRAMEWORK_HEADER = YES;
				CLANG_WARN_RANGE_LOOP_ANALYSIS = YES;
				CLANG_WARN_STRICT_PROTOTYPES = YES;
				CLANG_WARN_SUSPICIOUS_MOVE = YES;
				CLANG_WARN_UNGUARDED_AVAILABILITY = YES_AGGRESSIVE;
				CLANG_WARN_UNREACHABLE_CODE = YES;
				CLANG_WARN__DUPLICATE_METHOD_MATCH = YES;
				COPY_PHASE_STRIP = NO;
				CURRENT_PROJECT_VERSION = 11;
				DEBUG_INFORMATION_FORMAT = "dwarf-with-dsym";
				ENABLE_NS_ASSERTIONS = NO;
				ENABLE_STRICT_OBJC_MSGSEND = YES;
				GCC_C_LANGUAGE_STANDARD = gnu11;
				GCC_NO_COMMON_BLOCKS = YES;
				GCC_WARN_64_TO_32_BIT_CONVERSION = YES;
				GCC_WARN_ABOUT_RETURN_TYPE = YES_ERROR;
				GCC_WARN_UNDECLARED_SELECTOR = YES;
				GCC_WARN_UNINITIALIZED_AUTOS = YES_AGGRESSIVE;
				GCC_WARN_UNUSED_FUNCTION = YES;
				GCC_WARN_UNUSED_VARIABLE = YES;
				MACOSX_DEPLOYMENT_TARGET = 14.0;
				MARKETING_VERSION = 0.1.1;
				MTL_ENABLE_DEBUG_INFO = NO;
				MTL_FAST_MATH = YES;
				PRODUCT_NAME = "$(TARGET_NAME)";
				SDKROOT = macosx;
				SWIFT_COMPILATION_MODE = wholemodule;
				SWIFT_OPTIMIZATION_LEVEL = "-O";
				SWIFT_VERSION = 5.9;
			};
			name = Release;
		};
/* End XCBuildConfiguration section */

/* Begin XCConfigurationList section */
		2A7BF8576B9EA89508816DED /* Build configuration list for PBXNativeTarget "UpdatePilotTests" */ = {
			isa = XCConfigurationList;
			buildConfigurations = (
				8317AE6B6244B2D282B3C610 /* Debug */,
				A5DF14E6AD12106CA7EEA471 /* Release */,
			);
			defaultConfigurationIsVisible = 0;
			defaultConfigurationName = Debug;
		};
		2C88D624371AF6B897C9B2DA /* Build configuration list for PBXProject "UpdatePilot" */ = {
			isa = XCConfigurationList;
			buildConfigurations = (
				B4AA1CA6103DEDFED5766060 /* Debug */,
				D886FBE9048BC780BF55A848 /* Release */,
			);
			defaultConfigurationIsVisible = 0;
			defaultConfigurationName = Debug;
		};
		543F4F94EC1E3EAD969554ED /* Build configuration list for PBXNativeTarget "UpdatePilot" */ = {
			isa = XCConfigurationList;
			buildConfigurations = (
				668A58D3C7F6DB21EC64F133 /* Debug */,
				CDE3EBAD9DC29A1B91FF8B2A /* Release */,
			);
			defaultConfigurationIsVisible = 0;
			defaultConfigurationName = Debug;
		};
/* End XCConfigurationList section */
	};
	rootObject = 13C8E524FE30C6296C97408D /* Project object */;
}
